
Microsoft Visual Studio Solution File, Format Version 12.00
# Visual Studio Version 16
VisualStudioVersion = 16.0.30320.27
MinimumVisualStudioVersion = 10.0.40219.1
Project("{FAE04EC0-301F-11D3-BF4B-00C04F79EFBC}") = "GanPlanRhino", "GanPlanRhino\GanPlanRhino.csproj", "{D42BD13B-0DF8-4F50-B79A-535D76107548}"
EndProject
Global
	GlobalSection(SolutionConfigurationPlatforms) = preSolution
		Debug|Any CPU = Debug|Any CPU
		Release|Any CPU = Release|Any CPU
	EndGlobalSection
	GlobalSection(ProjectConfigurationPlatforms) = postSolution
		{D42BD13B-0DF8-4F50-B79A-535D76107548}.Debug|Any CPU.ActiveCfg = Debug|Any CPU
		{D42BD13B-0DF8-4F50-B79A-535D76107548}.Debug|Any CPU.Build.0 = Debug|Any CPU
		{D42BD13B-0DF8-4F50-B79A-535D76107548}.Release|Any CPU.ActiveCfg = Release|Any CPU
		{D42BD13B-0DF8-4F50-B79A-535D76107548}.Release|Any CPU.Build.0 = Release|Any CPU
	EndGlobalSection
	GlobalSection(SolutionProperties) = preSolution
		HideSolutionNode = FALSE
	EndGlobalSection
	GlobalSection(ExtensibilityGlobals) = postSolution
		SolutionGuid = {1A5B262B-9360-4A68-9B84-F5DE78F9B3E1}
	EndGlobalSection
EndGlobal
